
Microsoft Visual Studio Solution File, Format Version 12.00
# Visual Studio Version 17
VisualStudioVersion = 17.5.33627.172
MinimumVisualStudioVersion = 10.0.40219.1
Project("{2150E333-8FDC-42A3-9474-1A3956D46DE8}") = "Client", "Client", "{48B8CE62-B48D-440F-BA07-1685256CFDEA}"
EndProject
Project("{2150E333-8FDC-42A3-9474-1A3956D46DE8}") = "_Solution Items", "_Solution Items", "{E0E47628-E0FF-4587-88A1-A375A7590053}"
	ProjectSection(SolutionItems) = preProject
		.gitignore = .gitignore
	EndProjectSection
EndProject
Project("{2150E333-8FDC-42A3-9474-1A3956D46DE8}") = "Server", "Server", "{599C893F-DE0F-4AB3-B55C-7A3CFEE63AF1}"
EndProject
Project("{9A19103F-16F7-4668-BE54-9A1E7A4F7556}") = "BeaconUI.WebApp", "src\Client\BeaconUI.WebApp\BeaconUI.WebApp.csproj", "{1E9D414C-195D-427F-855E-D31E2BE5EAC5}"
EndProject
Project("{9A19103F-16F7-4668-BE54-9A1E7A4F7556}") = "BeaconUI.Core", "src\Client\BeaconUI.Core\BeaconUI.Core.csproj", "{61ECCA98-C75D-4D73-AC25-AA2D180E80F0}"
EndProject
Project("{9A19103F-16F7-4668-BE54-9A1E7A4F7556}") = "BeaconUI.DesktopApp", "src\Client\BeaconUI.DesktopApp\BeaconUI.DesktopApp.csproj", "{9674CC28-7B22-42B1-BAD2-BB3FB361CCBD}"
EndProject
Project("{9A19103F-16F7-4668-BE54-9A1E7A4F7556}") = "Beacon.API", "src\Server\Beacon.API\Beacon.API.csproj", "{3B9C231D-F742-49AC-82DA-48CB5F2636CE}"
EndProject
Project("{2150E333-8FDC-42A3-9474-1A3956D46DE8}") = "Shared", "Shared", "{653ABB52-D8EB-4D7A-9FE5-247A69E3333F}"
EndProject
Project("{9A19103F-16F7-4668-BE54-9A1E7A4F7556}") = "Beacon.Common", "src\Shared\Beacon.Common\Beacon.Common.csproj", "{CD63A9E5-83C5-4ECC-8024-1E87A96845FE}"
EndProject
Global
	GlobalSection(SolutionConfigurationPlatforms) = preSolution
		Debug|Any CPU = Debug|Any CPU
		Release|Any CPU = Release|Any CPU
	EndGlobalSection
	GlobalSection(ProjectConfigurationPlatforms) = postSolution
		{1E9D414C-195D-427F-855E-D31E2BE5EAC5}.Debug|Any CPU.ActiveCfg = Debug|Any CPU
		{1E9D414C-195D-427F-855E-D31E2BE5EAC5}.Debug|Any CPU.Build.0 = Debug|Any CPU
		{1E9D414C-195D-427F-855E-D31E2BE5EAC5}.Release|Any CPU.ActiveCfg = Release|Any CPU
		{1E9D414C-195D-427F-855E-D31E2BE5EAC5}.Release|Any CPU.Build.0 = Release|Any CPU
		{61ECCA98-C75D-4D73-AC25-AA2D180E80F0}.Debug|Any CPU.ActiveCfg = Debug|Any CPU
		{61ECCA98-C75D-4D73-AC25-AA2D180E80F0}.Debug|Any CPU.Build.0 = Debug|Any CPU
		{61ECCA98-C75D-4D73-AC25-AA2D180E80F0}.Release|Any CPU.ActiveCfg = Release|Any CPU
		{61ECCA98-C75D-4D73-AC25-AA2D180E80F0}.Release|Any CPU.Build.0 = Release|Any CPU
		{9674CC28-7B22-42B1-BAD2-BB3FB361CCBD}.Debug|Any CPU.ActiveCfg = Debug|Any CPU
		{9674CC28-7B22-42B1-BAD2-BB3FB361CCBD}.Debug|Any CPU.Build.0 = Debug|Any CPU
		{9674CC28-7B22-42B1-BAD2-BB3FB361CCBD}.Debug|Any CPU.Deploy.0 = Debug|Any CPU
		{9674CC28-7B22-42B1-BAD2-BB3FB361CCBD}.Release|Any CPU.ActiveCfg = Release|Any CPU
		{9674CC28-7B22-42B1-BAD2-BB3FB361CCBD}.Release|Any CPU.Build.0 = Release|Any CPU
		{9674CC28-7B22-42B1-BAD2-BB3FB361CCBD}.Release|Any CPU.Deploy.0 = Release|Any CPU
		{3B9C231D-F742-49AC-82DA-48CB5F2636CE}.Debug|Any CPU.ActiveCfg = Debug|Any CPU
		{3B9C231D-F742-49AC-82DA-48CB5F2636CE}.Debug|Any CPU.Build.0 = Debug|Any CPU
		{3B9C231D-F742-49AC-82DA-48CB5F2636CE}.Release|Any CPU.ActiveCfg = Release|Any CPU
		{3B9C231D-F742-49AC-82DA-48CB5F2636CE}.Release|Any CPU.Build.0 = Release|Any CPU
		{CD63A9E5-83C5-4ECC-8024-1E87A96845FE}.Debug|Any CPU.ActiveCfg = Debug|Any CPU
		{CD63A9E5-83C5-4ECC-8024-1E87A96845FE}.Debug|Any CPU.Build.0 = Debug|Any CPU
		{CD63A9E5-83C5-4ECC-8024-1E87A96845FE}.Release|Any CPU.ActiveCfg = Release|Any CPU
		{CD63A9E5-83C5-4ECC-8024-1E87A96845FE}.Release|Any CPU.Build.0 = Release|Any CPU
	EndGlobalSection
	GlobalSection(SolutionProperties) = preSolution
		HideSolutionNode = FALSE
	EndGlobalSection
	GlobalSection(NestedProjects) = preSolution
		{1E9D414C-195D-427F-855E-D31E2BE5EAC5} = {48B8CE62-B48D-440F-BA07-1685256CFDEA}
		{61ECCA98-C75D-4D73-AC25-AA2D180E80F0} = {48B8CE62-B48D-440F-BA07-1685256CFDEA}
		{9674CC28-7B22-42B1-BAD2-BB3FB361CCBD} = {48B8CE62-B48D-440F-BA07-1685256CFDEA}
		{3B9C231D-F742-49AC-82DA-48CB5F2636CE} = {599C893F-DE0F-4AB3-B55C-7A3CFEE63AF1}
		{CD63A9E5-83C5-4ECC-8024-1E87A96845FE} = {653ABB52-D8EB-4D7A-9FE5-247A69E3333F}
	EndGlobalSection
	GlobalSection(ExtensibilityGlobals) = postSolution
		SolutionGuid = {5E1D1693-99AE-4EC0-89BA-3EA69BE684A4}
	EndGlobalSection
EndGlobal
