
Microsoft Visual Studio Solution File, Format Version 12.00
# Visual Studio Version 17
VisualStudioVersion = 17.5.33627.172
MinimumVisualStudioVersion = 10.0.40219.1
Project("{9A19103F-16F7-4668-BE54-9A1E7A4F7556}") = "Beacon", "src\Beacon\Beacon.csproj", "{E0752859-4640-4533-B550-033E873BC459}"
EndProject
Project("{FAE04EC0-301F-11D3-BF4B-00C04F79EFBC}") = "Beacon.MAUI", "src\Beacon.MAUI\Beacon.MAUI.csproj", "{AAD61A93-92C7-49B3-A987-108F59A14293}"
EndProject
Global
	GlobalSection(SolutionConfigurationPlatforms) = preSolution
		Debug|Any CPU = Debug|Any CPU
		Release|Any CPU = Release|Any CPU
	EndGlobalSection
	GlobalSection(ProjectConfigurationPlatforms) = postSolution
		{E0752859-4640-4533-B550-033E873BC459}.Debug|Any CPU.ActiveCfg = Debug|Any CPU
		{E0752859-4640-4533-B550-033E873BC459}.Debug|Any CPU.Build.0 = Debug|Any CPU
		{E0752859-4640-4533-B550-033E873BC459}.Release|Any CPU.ActiveCfg = Release|Any CPU
		{E0752859-4640-4533-B550-033E873BC459}.Release|Any CPU.Build.0 = Release|Any CPU
		{AAD61A93-92C7-49B3-A987-108F59A14293}.Debug|Any CPU.ActiveCfg = Debug|Any CPU
		{AAD61A93-92C7-49B3-A987-108F59A14293}.Debug|Any CPU.Build.0 = Debug|Any CPU
		{AAD61A93-92C7-49B3-A987-108F59A14293}.Debug|Any CPU.Deploy.0 = Debug|Any CPU
		{AAD61A93-92C7-49B3-A987-108F59A14293}.Release|Any CPU.ActiveCfg = Release|Any CPU
		{AAD61A93-92C7-49B3-A987-108F59A14293}.Release|Any CPU.Build.0 = Release|Any CPU
		{AAD61A93-92C7-49B3-A987-108F59A14293}.Release|Any CPU.Deploy.0 = Release|Any CPU
	EndGlobalSection
	GlobalSection(SolutionProperties) = preSolution
		HideSolutionNode = FALSE
	EndGlobalSection
	GlobalSection(ExtensibilityGlobals) = postSolution
		SolutionGuid = {5E1D1693-99AE-4EC0-89BA-3EA69BE684A4}
	EndGlobalSection
EndGlobal
