
Microsoft Visual Studio Solution File, Format Version 12.00
# Visual Studio Version 17
VisualStudioVersion = 17.5.33627.172
MinimumVisualStudioVersion = 10.0.40219.1
Project("{2150E333-8FDC-42A3-9474-1A3956D46DE8}") = "_Solution Items", "_Solution Items", "{E0E47628-E0FF-4587-88A1-A375A7590053}"
	ProjectSection(SolutionItems) = preProject
		.gitignore = .gitignore
		azure-pipelines.yml = azure-pipelines.yml
		global.json = global.json
		readme.md = readme.md
	EndProjectSection
EndProject
Project("{9A19103F-16F7-4668-BE54-9A1E7A4F7556}") = "Beacon.API", "src\Server\Beacon.API\Beacon.API.csproj", "{EF052325-92BB-48D4-885A-B5E60F6DDEC8}"
EndProject
Project("{9A19103F-16F7-4668-BE54-9A1E7A4F7556}") = "Beacon.WebHost", "src\Server\Beacon.WebHost\Beacon.WebHost.csproj", "{74939600-355E-4F2E-9B0D-EEFB20871F40}"
EndProject
Project("{2150E333-8FDC-42A3-9474-1A3956D46DE8}") = "Hosts", "Hosts", "{00A1D311-E025-4B74-906A-9585A34775EA}"
EndProject
Project("{9A19103F-16F7-4668-BE54-9A1E7A4F7556}") = "Beacon.Common", "src\Shared\Beacon.Common\Beacon.Common.csproj", "{7A76C708-B1D4-4233-B5EB-5E76646C39B4}"
EndProject
Project("{9A19103F-16F7-4668-BE54-9A1E7A4F7556}") = "BeaconUI.Core", "src\Client\BeaconUI.Core\BeaconUI.Core.csproj", "{6952F8D4-5C37-4B21-ABEE-68285FF3C086}"
EndProject
Project("{9A19103F-16F7-4668-BE54-9A1E7A4F7556}") = "BeaconUI.WebApp", "src\Client\BeaconUI.WebApp\BeaconUI.WebApp.csproj", "{FF479620-19F1-420B-89BE-947B3D4DFD16}"
EndProject
Project("{9A19103F-16F7-4668-BE54-9A1E7A4F7556}") = "Beacon.WebApp.IntegrationTests", "tests\Beacon.WebApp.IntegrationTests\Beacon.WebApp.IntegrationTests.csproj", "{D71DAC0F-5D85-4D42-9C8E-09AB3C499608}"
EndProject
Project("{2150E333-8FDC-42A3-9474-1A3956D46DE8}") = "Tests", "Tests", "{532CBA62-82CF-4D77-96B9-B21A39D3F993}"
EndProject
Project("{2150E333-8FDC-42A3-9474-1A3956D46DE8}") = "App", "App", "{0967D4A1-55B2-4FBC-9130-42F3ADC693CC}"
EndProject
Project("{9A19103F-16F7-4668-BE54-9A1E7A4F7556}") = "BeaconUI.DesktopApp", "src\Client\BeaconUI.DesktopApp\BeaconUI.DesktopApp.csproj", "{92A2817B-49F8-4301-85E1-806D62B613EC}"
EndProject
Project("{9A19103F-16F7-4668-BE54-9A1E7A4F7556}") = "Beacon.API.IntegrationTests", "tests\Beacon.API.IntegrationTests\Beacon.API.IntegrationTests.csproj", "{5308039E-952D-40B6-A5B1-9CD523DED437}"
EndProject
Global
	GlobalSection(SolutionConfigurationPlatforms) = preSolution
		Debug|Any CPU = Debug|Any CPU
		Release|Any CPU = Release|Any CPU
	EndGlobalSection
	GlobalSection(ProjectConfigurationPlatforms) = postSolution
		{EF052325-92BB-48D4-885A-B5E60F6DDEC8}.Debug|Any CPU.ActiveCfg = Debug|Any CPU
		{EF052325-92BB-48D4-885A-B5E60F6DDEC8}.Debug|Any CPU.Build.0 = Debug|Any CPU
		{EF052325-92BB-48D4-885A-B5E60F6DDEC8}.Release|Any CPU.ActiveCfg = Release|Any CPU
		{EF052325-92BB-48D4-885A-B5E60F6DDEC8}.Release|Any CPU.Build.0 = Release|Any CPU
		{74939600-355E-4F2E-9B0D-EEFB20871F40}.Debug|Any CPU.ActiveCfg = Debug|Any CPU
		{74939600-355E-4F2E-9B0D-EEFB20871F40}.Debug|Any CPU.Build.0 = Debug|Any CPU
		{74939600-355E-4F2E-9B0D-EEFB20871F40}.Release|Any CPU.ActiveCfg = Release|Any CPU
		{74939600-355E-4F2E-9B0D-EEFB20871F40}.Release|Any CPU.Build.0 = Release|Any CPU
		{7A76C708-B1D4-4233-B5EB-5E76646C39B4}.Debug|Any CPU.ActiveCfg = Debug|Any CPU
		{7A76C708-B1D4-4233-B5EB-5E76646C39B4}.Debug|Any CPU.Build.0 = Debug|Any CPU
		{7A76C708-B1D4-4233-B5EB-5E76646C39B4}.Release|Any CPU.ActiveCfg = Release|Any CPU
		{7A76C708-B1D4-4233-B5EB-5E76646C39B4}.Release|Any CPU.Build.0 = Release|Any CPU
		{6952F8D4-5C37-4B21-ABEE-68285FF3C086}.Debug|Any CPU.ActiveCfg = Debug|Any CPU
		{6952F8D4-5C37-4B21-ABEE-68285FF3C086}.Debug|Any CPU.Build.0 = Debug|Any CPU
		{6952F8D4-5C37-4B21-ABEE-68285FF3C086}.Release|Any CPU.ActiveCfg = Release|Any CPU
		{6952F8D4-5C37-4B21-ABEE-68285FF3C086}.Release|Any CPU.Build.0 = Release|Any CPU
		{FF479620-19F1-420B-89BE-947B3D4DFD16}.Debug|Any CPU.ActiveCfg = Debug|Any CPU
		{FF479620-19F1-420B-89BE-947B3D4DFD16}.Debug|Any CPU.Build.0 = Debug|Any CPU
		{FF479620-19F1-420B-89BE-947B3D4DFD16}.Release|Any CPU.ActiveCfg = Release|Any CPU
		{FF479620-19F1-420B-89BE-947B3D4DFD16}.Release|Any CPU.Build.0 = Release|Any CPU
		{D71DAC0F-5D85-4D42-9C8E-09AB3C499608}.Debug|Any CPU.ActiveCfg = Debug|Any CPU
		{D71DAC0F-5D85-4D42-9C8E-09AB3C499608}.Debug|Any CPU.Build.0 = Debug|Any CPU
		{D71DAC0F-5D85-4D42-9C8E-09AB3C499608}.Release|Any CPU.ActiveCfg = Release|Any CPU
		{D71DAC0F-5D85-4D42-9C8E-09AB3C499608}.Release|Any CPU.Build.0 = Release|Any CPU
		{92A2817B-49F8-4301-85E1-806D62B613EC}.Debug|Any CPU.ActiveCfg = Debug|Any CPU
		{92A2817B-49F8-4301-85E1-806D62B613EC}.Debug|Any CPU.Build.0 = Debug|Any CPU
		{92A2817B-49F8-4301-85E1-806D62B613EC}.Debug|Any CPU.Deploy.0 = Debug|Any CPU
		{92A2817B-49F8-4301-85E1-806D62B613EC}.Release|Any CPU.ActiveCfg = Release|Any CPU
		{92A2817B-49F8-4301-85E1-806D62B613EC}.Release|Any CPU.Build.0 = Release|Any CPU
		{92A2817B-49F8-4301-85E1-806D62B613EC}.Release|Any CPU.Deploy.0 = Release|Any CPU
		{5308039E-952D-40B6-A5B1-9CD523DED437}.Debug|Any CPU.ActiveCfg = Debug|Any CPU
		{5308039E-952D-40B6-A5B1-9CD523DED437}.Debug|Any CPU.Build.0 = Debug|Any CPU
		{5308039E-952D-40B6-A5B1-9CD523DED437}.Release|Any CPU.ActiveCfg = Release|Any CPU
		{5308039E-952D-40B6-A5B1-9CD523DED437}.Release|Any CPU.Build.0 = Release|Any CPU
	EndGlobalSection
	GlobalSection(SolutionProperties) = preSolution
		HideSolutionNode = FALSE
	EndGlobalSection
	GlobalSection(NestedProjects) = preSolution
		{EF052325-92BB-48D4-885A-B5E60F6DDEC8} = {0967D4A1-55B2-4FBC-9130-42F3ADC693CC}
		{74939600-355E-4F2E-9B0D-EEFB20871F40} = {00A1D311-E025-4B74-906A-9585A34775EA}
		{7A76C708-B1D4-4233-B5EB-5E76646C39B4} = {0967D4A1-55B2-4FBC-9130-42F3ADC693CC}
		{6952F8D4-5C37-4B21-ABEE-68285FF3C086} = {0967D4A1-55B2-4FBC-9130-42F3ADC693CC}
		{FF479620-19F1-420B-89BE-947B3D4DFD16} = {00A1D311-E025-4B74-906A-9585A34775EA}
		{D71DAC0F-5D85-4D42-9C8E-09AB3C499608} = {532CBA62-82CF-4D77-96B9-B21A39D3F993}
		{92A2817B-49F8-4301-85E1-806D62B613EC} = {00A1D311-E025-4B74-906A-9585A34775EA}
		{5308039E-952D-40B6-A5B1-9CD523DED437} = {532CBA62-82CF-4D77-96B9-B21A39D3F993}
	EndGlobalSection
	GlobalSection(ExtensibilityGlobals) = postSolution
		SolutionGuid = {5E1D1693-99AE-4EC0-89BA-3EA69BE684A4}
	EndGlobalSection
EndGlobal
